
Microsoft Visual Studio Solution File, Format Version 12.00
# Visual Studio 15
VisualStudioVersion = 15.0.27130.2027
MinimumVisualStudioVersion = 10.0.40219.1
Project("{FAE04EC0-301F-11D3-BF4B-00C04F79EFBC}") = "MenuParser", "MenuParser\MenuParser.csproj", "{D09F5D34-125B-41EC-AD2C-4D99D60AF3B1}"
EndProject
Project("{FAE04EC0-301F-11D3-BF4B-00C04F79EFBC}") = "MenuParser.Tests", "MenuParser.Tests\MenuParser.Tests.csproj", "{E5566ADC-6353-4201-95B8-EA33780AB54A}"
EndProject
Global
	GlobalSection(SolutionConfigurationPlatforms) = preSolution
		Debug|Any CPU = Debug|Any CPU
		Release|Any CPU = Release|Any CPU
	EndGlobalSection
	GlobalSection(ProjectConfigurationPlatforms) = postSolution
		{D09F5D34-125B-41EC-AD2C-4D99D60AF3B1}.Debug|Any CPU.ActiveCfg = Debug|Any CPU
		{D09F5D34-125B-41EC-AD2C-4D99D60AF3B1}.Debug|Any CPU.Build.0 = Debug|Any CPU
		{D09F5D34-125B-41EC-AD2C-4D99D60AF3B1}.Release|Any CPU.ActiveCfg = Release|Any CPU
		{D09F5D34-125B-41EC-AD2C-4D99D60AF3B1}.Release|Any CPU.Build.0 = Release|Any CPU
		{E5566ADC-6353-4201-95B8-EA33780AB54A}.Debug|Any CPU.ActiveCfg = Debug|Any CPU
		{E5566ADC-6353-4201-95B8-EA33780AB54A}.Debug|Any CPU.Build.0 = Debug|Any CPU
		{E5566ADC-6353-4201-95B8-EA33780AB54A}.Release|Any CPU.ActiveCfg = Release|Any CPU
		{E5566ADC-6353-4201-95B8-EA33780AB54A}.Release|Any CPU.Build.0 = Release|Any CPU
	EndGlobalSection
	GlobalSection(SolutionProperties) = preSolution
		HideSolutionNode = FALSE
	EndGlobalSection
	GlobalSection(ExtensibilityGlobals) = postSolution
		SolutionGuid = {D09DC557-9D47-47C1-8A73-94B6B79F8A58}
	EndGlobalSection
EndGlobal
